
Microsoft Visual Studio Solution File, Format Version 12.00
# Visual Studio Version 17
VisualStudioVersion = 17.7.34009.444
MinimumVisualStudioVersion = 10.0.40219.1
Project("{FAE04EC0-301F-11D3-BF4B-00C04F79EFBC}") = "WeGoMars", "WeGoMars\WeGoMars.csproj", "{D53C397A-B839-4847-A6AE-0C6669E3E3C0}"
EndProject
Global
	GlobalSection(SolutionConfigurationPlatforms) = preSolution
		Debug|Any CPU = Debug|Any CPU
		Release|Any CPU = Release|Any CPU
	EndGlobalSection
	GlobalSection(ProjectConfigurationPlatforms) = postSolution
		{D53C397A-B839-4847-A6AE-0C6669E3E3C0}.Debug|Any CPU.ActiveCfg = Debug|Any CPU
		{D53C397A-B839-4847-A6AE-0C6669E3E3C0}.Debug|Any CPU.Build.0 = Debug|Any CPU
		{D53C397A-B839-4847-A6AE-0C6669E3E3C0}.Release|Any CPU.ActiveCfg = Release|Any CPU
		{D53C397A-B839-4847-A6AE-0C6669E3E3C0}.Release|Any CPU.Build.0 = Release|Any CPU
	EndGlobalSection
	GlobalSection(SolutionProperties) = preSolution
		HideSolutionNode = FALSE
	EndGlobalSection
	GlobalSection(ExtensibilityGlobals) = postSolution
		SolutionGuid = {31B7DA82-006F-4899-BDBE-633BF8F5E23A}
	EndGlobalSection
EndGlobal
